PODS:
  - Flutter (1.0.0)
  - integration_test (0.0.1):
    - Flutter
  - vonage_video_call (1.0.0):
    - Flutter
    - VonageClientSDKVideo
  - VonageClientSDKVideo (2.27.3)

DEPENDENCIES:
  - Flutter (from `Flutter`)
  - integration_test (from `.symlinks/plugins/integration_test/ios`)
  - vonage_video_call (from `.symlinks/plugins/vonage_video_call/ios`)

SPEC REPOS:
  trunk:
    - VonageClientSDKVideo

EXTERNAL SOURCES:
  Flutter:
    :path: Flutter
  integration_test:
    :path: ".symlinks/plugins/integration_test/ios"
  vonage_video_call:
    :path: ".symlinks/plugins/vonage_video_call/ios"

SPEC CHECKSUMS:
  Flutter: e0871f40cf51350855a761d2e70bf5af5b9b5de7
  integration_test: ce0a3ffa1de96d1a89ca0ac26fca7ea18a749ef4
  vonage_video_call: 6fc7727ebbd2f63507c336b826f41a68c0ece3c0
  VonageClientSDKVideo: d56acb8ea588826a2ccd1318b434b662c6a085a8

PODFILE CHECKSUM: 70d9d25280d0dd177a5f637cdb0f0b0b12c6a189

COCOAPODS: 1.15.2
