PODS:
  - Flutter (1.0.0)
  - gms_places_api (0.0.1):
    - Flutter
    - GooglePlaces (= 6.2.1)
  - GooglePlaces (6.2.1)
  - integration_test (0.0.1):
    - Flutter

DEPENDENCIES:
  - Flutter (from `Flutter`)
  - gms_places_api (from `.symlinks/plugins/gms_places_api/ios`)
  - integration_test (from `.symlinks/plugins/integration_test/ios`)

SPEC REPOS:
  trunk:
    - GooglePlaces

EXTERNAL SOURCES:
  Flutter:
    :path: Flutter
  gms_places_api:
    :path: ".symlinks/plugins/gms_places_api/ios"
  integration_test:
    :path: ".symlinks/plugins/integration_test/ios"

SPEC CHECKSUMS:
  Flutter: e0871f40cf51350855a761d2e70bf5af5b9b5de7
  gms_places_api: 1249b597bcbdc179a3094e27ef53b1222918c912
  GooglePlaces: 94974aa119573d5acc2a35a699948dac838abd73
  integration_test: ce0a3ffa1de96d1a89ca0ac26fca7ea18a749ef4

PODFILE CHECKSUM: 7be2f5f74864d463a8ad433546ed1de7e0f29aef

COCOAPODS: 1.15.2
